
Microsoft Visual Studio Solution File, Format Version 12.00
# Visual Studio Version 17
VisualStudioVersion = 17.4.33122.133
MinimumVisualStudioVersion = 10.0.40219.1
Project("{9A19103F-16F7-4668-BE54-9A1E7A4F7556}") = "ComunBACK", "Comun-BACK\ComunBACK.csproj", "{8EC92F5D-82FD-436D-AAB6-1D952E006F42}"
EndProject
Global
	GlobalSection(SolutionConfigurationPlatforms) = preSolution
		Debug|Any CPU = Debug|Any CPU
		Release|Any CPU = Release|Any CPU
	EndGlobalSection
	GlobalSection(ProjectConfigurationPlatforms) = postSolution
		{8EC92F5D-82FD-436D-AAB6-1D952E006F42}.Debug|Any CPU.ActiveCfg = Debug|Any CPU
		{8EC92F5D-82FD-436D-AAB6-1D952E006F42}.Debug|Any CPU.Build.0 = Debug|Any CPU
		{8EC92F5D-82FD-436D-AAB6-1D952E006F42}.Release|Any CPU.ActiveCfg = Release|Any CPU
		{8EC92F5D-82FD-436D-AAB6-1D952E006F42}.Release|Any CPU.Build.0 = Release|Any CPU
	EndGlobalSection
	GlobalSection(SolutionProperties) = preSolution
		HideSolutionNode = FALSE
	EndGlobalSection
	GlobalSection(ExtensibilityGlobals) = postSolution
		SolutionGuid = {C856C7E8-3415-4D80-9960-5EA4474471FD}
	EndGlobalSection
EndGlobal
